

TOP(
(IOPIN a(3).0);
(IOPIN a(2).0);
(IOPIN a(1).0);
(IOPIN a(0).0);
(IOPIN sel_0.0);
(IOPIN sel_1.0);
(IOPIN clk.0);
)
#LEFT(#IOs are ordered
#(IOPIN vdd.0);
#(IOPIN vss.0);
#)
BOTTOM (#IOs are ordered from left to right
(IOPIN s(3).0);
(IOPIN s(2).0);
(IOPIN s(1).0);
(IOPIN s(0).0);
(IOPIN c_4.0);
)
#RIGHT (#IOs are ordered from left to right
#(IOPIN vdd.0);
#(IOPIN vss.0);
#)
                                                                                                                                                                                                                                                                                                                                                                                                                                                                                                                                                                                                                                                                                                                                                                                                                                                                                                                                                                                                                                                                                                                                                                                                                                                                                                                                                                                                                                                                                                                                                                                                                                                                                                                                                                                                                                                                                                                                                                                                                                                                                                                                                                                                                                                                                                                                                                                                                                                                                                                                                                                                                                                                                                                                                                                                                                                                                                                                                                                                                                                                                                                                                                                                                                                                                                                                                                                                                                                                                                                                                                                                                                                                                                                                                                                                                                                                                                                                                                                                                                                                                                                                                                                                                                                                                                                                                                                                                                                                                                                                                                                                                                                                                                                                                                                                                                                                                                                                                                                                                                                                                                                                                                                                                                                                                                                                                                                                                                                                                                                                                                                                                                                                                                                                                                                                                                                                                                                                                                                                                                                                                                                                                                                                                                                                                                                                                                                                                                                                                                                                                                                                                                                                                                                                                                                                                                                                                                                                                                                                                                                                                                                                                                                                                                                                                                                                                                                                                                                                                                                                                                                                                                                                                                                                                                                                                                                                                                                                                                                                                                                                                                                                                                                                                                                                                                                                                                                                                                                                                                                                                                                                                                                                                                                                                                                                                                                                                                                                                                                                      

